{
  "requires": true,
  "lockfileVersion": 1,
  "dependencies": {
    "@aws-cdk/aws-applicationautoscaling": {
      "version": "0.21.0",
      "resolved": "https://registry.npmjs.org/@aws-cdk/aws-applicationautoscaling/-/aws-applicationautoscaling-0.21.0.tgz",
      "integrity": "sha512-Z2EyHi932fDOhMPSTCfkoXhdfybWNeI+F5iRFF/ecKMbqST8jN7Tyto9Ga+mjPSZp2MizK3XG17Yh9duaExbVw==",
      "requires": {
        "@aws-cdk/aws-autoscaling-common": "^0.21.0",
        "@aws-cdk/aws-cloudwatch": "^0.21.0",
        "@aws-cdk/aws-iam": "^0.21.0",
        "@aws-cdk/cdk": "^0.21.0"
      },
      "dependencies": {
        "@aws-cdk/cdk": {
          "version": "0.21.0",
          "resolved": "https://registry.npmjs.org/@aws-cdk/cdk/-/cdk-0.21.0.tgz",
          "integrity": "sha512-Oq3jhRlumyWpJqG5xEXODmLG9GYP9oRCelnREOmnJ2qT/BQLF3pK1P8xruhHchn18FKCmKCRwzjHnvApdtVanw==",
          "requires": {
            "@aws-cdk/cx-api": "^0.21.0",
            "js-base64": "^2.4.5",
            "json-diff": "^0.3.1"
          },
          "dependencies": {
            "cli-color": {
              "version": "0.1.7",
              "bundled": true,
              "requires": {
                "es5-ext": "0.8.x"
              }
            },
            "difflib": {
              "version": "0.2.4",
              "bundled": true,
              "requires": {
                "heap": ">= 0.2.0"
              }
            },
            "dreamopt": {
              "version": "0.6.0",
              "bundled": true,
              "requires": {
                "wordwrap": ">=0.0.2"
              }
            },
            "es5-ext": {
              "version": "0.8.2",
              "bundled": true
            },
            "heap": {
              "version": "0.2.6",
              "bundled": true
            },
            "js-base64": {
              "version": "2.5.0",
              "bundled": true
            },
            "json-diff": {
              "version": "0.3.1",
              "bundled": true,
              "requires": {
                "cli-color": "~0.1.6",
                "difflib": "~0.2.1",
                "dreamopt": "~0.6.0"
              }
            },
            "wordwrap": {
              "version": "1.0.0",
              "bundled": true
            }
          }
        },
        "@aws-cdk/cx-api": {
          "version": "0.21.0",
          "resolved": "https://registry.npmjs.org/@aws-cdk/cx-api/-/cx-api-0.21.0.tgz",
          "integrity": "sha512-R6/SkHeF0XLCjjO6BTGERzW597UwhUm080/KT5FfmkevYq/9uZkZW0APFbXtuwOVFcWaehHb4ENVJPOkaMaPFA=="
        }
      }
    },
    "@aws-cdk/aws-autoscaling-common": {
      "version": "0.21.0",
      "resolved": "https://registry.npmjs.org/@aws-cdk/aws-autoscaling-common/-/aws-autoscaling-common-0.21.0.tgz",
      "integrity": "sha512-gpDxT4/jRYJBOH2Y5wUngp/9xle6A3GI7UNvENQCvKrhpDm3KZ6q4dYcXQ3kGGKBU2Av9OS8/XSH66OrdmQGbw==",
      "requires": {
        "@aws-cdk/aws-iam": "^0.21.0",
        "@aws-cdk/cdk": "^0.21.0"
      },
      "dependencies": {
        "@aws-cdk/cdk": {
          "version": "0.21.0",
          "resolved": "https://registry.npmjs.org/@aws-cdk/cdk/-/cdk-0.21.0.tgz",
          "integrity": "sha512-Oq3jhRlumyWpJqG5xEXODmLG9GYP9oRCelnREOmnJ2qT/BQLF3pK1P8xruhHchn18FKCmKCRwzjHnvApdtVanw==",
          "requires": {
            "@aws-cdk/cx-api": "^0.21.0",
            "js-base64": "^2.4.5",
            "json-diff": "^0.3.1"
          },
          "dependencies": {
            "cli-color": {
              "version": "0.1.7",
              "bundled": true,
              "requires": {
                "es5-ext": "0.8.x"
              }
            },
            "difflib": {
              "version": "0.2.4",
              "bundled": true,
              "requires": {
                "heap": ">= 0.2.0"
              }
            },
            "dreamopt": {
              "version": "0.6.0",
              "bundled": true,
              "requires": {
                "wordwrap": ">=0.0.2"
              }
            },
            "es5-ext": {
              "version": "0.8.2",
              "bundled": true
            },
            "heap": {
              "version": "0.2.6",
              "bundled": true
            },
            "js-base64": {
              "version": "2.5.0",
              "bundled": true
            },
            "json-diff": {
              "version": "0.3.1",
              "bundled": true,
              "requires": {
                "cli-color": "~0.1.6",
                "difflib": "~0.2.1",
                "dreamopt": "~0.6.0"
              }
            },
            "wordwrap": {
              "version": "1.0.0",
              "bundled": true
            }
          }
        },
        "@aws-cdk/cx-api": {
          "version": "0.21.0",
          "resolved": "https://registry.npmjs.org/@aws-cdk/cx-api/-/cx-api-0.21.0.tgz",
          "integrity": "sha512-R6/SkHeF0XLCjjO6BTGERzW597UwhUm080/KT5FfmkevYq/9uZkZW0APFbXtuwOVFcWaehHb4ENVJPOkaMaPFA=="
        }
      }
    },
    "@aws-cdk/aws-cloudwatch": {
      "version": "0.21.0",
      "resolved": "https://registry.npmjs.org/@aws-cdk/aws-cloudwatch/-/aws-cloudwatch-0.21.0.tgz",
      "integrity": "sha512-6tejpgGI7O27qiAIYBLhB3el+4LYb3ktZ8nBWhRmxibv6XrX6Vqqs50ZflDUE6wZ1tyS0qWapF705h7Tzz+QTA==",
      "requires": {
        "@aws-cdk/aws-iam": "^0.21.0",
        "@aws-cdk/cdk": "^0.21.0"
      },
      "dependencies": {
        "@aws-cdk/cdk": {
          "version": "0.21.0",
          "resolved": "https://registry.npmjs.org/@aws-cdk/cdk/-/cdk-0.21.0.tgz",
          "integrity": "sha512-Oq3jhRlumyWpJqG5xEXODmLG9GYP9oRCelnREOmnJ2qT/BQLF3pK1P8xruhHchn18FKCmKCRwzjHnvApdtVanw==",
          "requires": {
            "@aws-cdk/cx-api": "^0.21.0",
            "js-base64": "^2.4.5",
            "json-diff": "^0.3.1"
          },
          "dependencies": {
            "cli-color": {
              "version": "0.1.7",
              "bundled": true,
              "requires": {
                "es5-ext": "0.8.x"
              }
            },
            "difflib": {
              "version": "0.2.4",
              "bundled": true,
              "requires": {
                "heap": ">= 0.2.0"
              }
            },
            "dreamopt": {
              "version": "0.6.0",
              "bundled": true,
              "requires": {
                "wordwrap": ">=0.0.2"
              }
            },
            "es5-ext": {
              "version": "0.8.2",
              "bundled": true
            },
            "heap": {
              "version": "0.2.6",
              "bundled": true
            },
            "js-base64": {
              "version": "2.5.0",
              "bundled": true
            },
            "json-diff": {
              "version": "0.3.1",
              "bundled": true,
              "requires": {
                "cli-color": "~0.1.6",
                "difflib": "~0.2.1",
                "dreamopt": "~0.6.0"
              }
            },
            "wordwrap": {
              "version": "1.0.0",
              "bundled": true
            }
          }
        },
        "@aws-cdk/cx-api": {
          "version": "0.21.0",
          "resolved": "https://registry.npmjs.org/@aws-cdk/cx-api/-/cx-api-0.21.0.tgz",
          "integrity": "sha512-R6/SkHeF0XLCjjO6BTGERzW597UwhUm080/KT5FfmkevYq/9uZkZW0APFbXtuwOVFcWaehHb4ENVJPOkaMaPFA=="
        }
      }
    },
    "@aws-cdk/aws-dynamodb": {
      "version": "0.21.0",
      "resolved": "https://registry.npmjs.org/@aws-cdk/aws-dynamodb/-/aws-dynamodb-0.21.0.tgz",
      "integrity": "sha512-nm2mug4vuKyC0i6pbAA5cWIdaaMdWP1WnEwBfp1RIFCfzh1gMEsE3Q0yW3xMJik2c01YDCKCWJDV5PrOzZAnJg==",
      "requires": {
        "@aws-cdk/aws-applicationautoscaling": "^0.21.0",
        "@aws-cdk/aws-iam": "^0.21.0",
        "@aws-cdk/cdk": "^0.21.0"
      },
      "dependencies": {
        "@aws-cdk/cdk": {
          "version": "0.21.0",
          "resolved": "https://registry.npmjs.org/@aws-cdk/cdk/-/cdk-0.21.0.tgz",
          "integrity": "sha512-Oq3jhRlumyWpJqG5xEXODmLG9GYP9oRCelnREOmnJ2qT/BQLF3pK1P8xruhHchn18FKCmKCRwzjHnvApdtVanw==",
          "requires": {
            "@aws-cdk/cx-api": "^0.21.0",
            "js-base64": "^2.4.5",
            "json-diff": "^0.3.1"
          },
          "dependencies": {
            "cli-color": {
              "version": "0.1.7",
              "bundled": true,
              "requires": {
                "es5-ext": "0.8.x"
              }
            },
            "difflib": {
              "version": "0.2.4",
              "bundled": true,
              "requires": {
                "heap": ">= 0.2.0"
              }
            },
            "dreamopt": {
              "version": "0.6.0",
              "bundled": true,
              "requires": {
                "wordwrap": ">=0.0.2"
              }
            },
            "es5-ext": {
              "version": "0.8.2",
              "bundled": true
            },
            "heap": {
              "version": "0.2.6",
              "bundled": true
            },
            "js-base64": {
              "version": "2.5.0",
              "bundled": true
            },
            "json-diff": {
              "version": "0.3.1",
              "bundled": true,
              "requires": {
                "cli-color": "~0.1.6",
                "difflib": "~0.2.1",
                "dreamopt": "~0.6.0"
              }
            },
            "wordwrap": {
              "version": "1.0.0",
              "bundled": true
            }
          }
        },
        "@aws-cdk/cx-api": {
          "version": "0.21.0",
          "resolved": "https://registry.npmjs.org/@aws-cdk/cx-api/-/cx-api-0.21.0.tgz",
          "integrity": "sha512-R6/SkHeF0XLCjjO6BTGERzW597UwhUm080/KT5FfmkevYq/9uZkZW0APFbXtuwOVFcWaehHb4ENVJPOkaMaPFA=="
        }
      }
    },
    "@aws-cdk/aws-iam": {
      "version": "0.21.0",
      "resolved": "https://registry.npmjs.org/@aws-cdk/aws-iam/-/aws-iam-0.21.0.tgz",
      "integrity": "sha512-xtkOY3ZWyY304hzcbV5NczXcyRb6064C6UsnzBEOKeYki+0Tq5XeDdRgDBaHe3l8librQJhhxZoXl8vWtFvLJQ==",
      "requires": {
        "@aws-cdk/cdk": "^0.21.0"
      },
      "dependencies": {
        "@aws-cdk/cdk": {
          "version": "0.21.0",
          "resolved": "https://registry.npmjs.org/@aws-cdk/cdk/-/cdk-0.21.0.tgz",
          "integrity": "sha512-Oq3jhRlumyWpJqG5xEXODmLG9GYP9oRCelnREOmnJ2qT/BQLF3pK1P8xruhHchn18FKCmKCRwzjHnvApdtVanw==",
          "requires": {
            "@aws-cdk/cx-api": "^0.21.0",
            "js-base64": "^2.4.5",
            "json-diff": "^0.3.1"
          },
          "dependencies": {
            "cli-color": {
              "version": "0.1.7",
              "bundled": true,
              "requires": {
                "es5-ext": "0.8.x"
              }
            },
            "difflib": {
              "version": "0.2.4",
              "bundled": true,
              "requires": {
                "heap": ">= 0.2.0"
              }
            },
            "dreamopt": {
              "version": "0.6.0",
              "bundled": true,
              "requires": {
                "wordwrap": ">=0.0.2"
              }
            },
            "es5-ext": {
              "version": "0.8.2",
              "bundled": true
            },
            "heap": {
              "version": "0.2.6",
              "bundled": true
            },
            "js-base64": {
              "version": "2.5.0",
              "bundled": true
            },
            "json-diff": {
              "version": "0.3.1",
              "bundled": true,
              "requires": {
                "cli-color": "~0.1.6",
                "difflib": "~0.2.1",
                "dreamopt": "~0.6.0"
              }
            },
            "wordwrap": {
              "version": "1.0.0",
              "bundled": true
            }
          }
        },
        "@aws-cdk/cx-api": {
          "version": "0.21.0",
          "resolved": "https://registry.npmjs.org/@aws-cdk/cx-api/-/cx-api-0.21.0.tgz",
          "integrity": "sha512-R6/SkHeF0XLCjjO6BTGERzW597UwhUm080/KT5FfmkevYq/9uZkZW0APFbXtuwOVFcWaehHb4ENVJPOkaMaPFA=="
        }
      }
    },
    "@aws-cdk/cdk": {
      "version": "0.21.0",
      "resolved": "https://registry.npmjs.org/@aws-cdk/cdk/-/cdk-0.21.0.tgz",
      "integrity": "sha512-Oq3jhRlumyWpJqG5xEXODmLG9GYP9oRCelnREOmnJ2qT/BQLF3pK1P8xruhHchn18FKCmKCRwzjHnvApdtVanw==",
      "requires": {
        "@aws-cdk/cx-api": "^0.21.0",
        "js-base64": "^2.4.5",
        "json-diff": "^0.3.1"
      },
      "dependencies": {
        "cli-color": {
          "version": "0.1.7",
          "bundled": true,
          "requires": {
            "es5-ext": "0.8.x"
          }
        },
        "difflib": {
          "version": "0.2.4",
          "bundled": true,
          "requires": {
            "heap": ">= 0.2.0"
          }
        },
        "dreamopt": {
          "version": "0.6.0",
          "bundled": true,
          "requires": {
            "wordwrap": ">=0.0.2"
          }
        },
        "es5-ext": {
          "version": "0.8.2",
          "bundled": true
        },
        "heap": {
          "version": "0.2.6",
          "bundled": true
        },
        "js-base64": {
          "version": "2.5.0",
          "bundled": true
        },
        "json-diff": {
          "version": "0.3.1",
          "bundled": true,
          "requires": {
            "cli-color": "~0.1.6",
            "difflib": "~0.2.1",
            "dreamopt": "~0.6.0"
          }
        },
        "wordwrap": {
          "version": "1.0.0",
          "bundled": true
        }
      }
    },
    "@aws-cdk/cx-api": {
      "version": "0.21.0",
      "resolved": "https://registry.npmjs.org/@aws-cdk/cx-api/-/cx-api-0.21.0.tgz",
      "integrity": "sha512-R6/SkHeF0XLCjjO6BTGERzW597UwhUm080/KT5FfmkevYq/9uZkZW0APFbXtuwOVFcWaehHb4ENVJPOkaMaPFA=="
    }
  }
}
